
Microsoft Visual Studio Solution File, Format Version 12.00
# Visual Studio 2012
Project("{f2a71f9b-5d33-465a-a702-920d77279786}") = "testx", "testx\testx.fsproj", "{549B53DF-59FB-40E9-A788-CC8E5E118F3B}"
EndProject
Project("{f2a71f9b-5d33-465a-a702-920d77279786}") = "testx.iOS", "iOS\testx.iOS.fsproj", "{43FBF515-9F69-4287-A298-B17F81A6C4FB}"
EndProject
Project("{f2a71f9b-5d33-465a-a702-920d77279786}") = "testx.Droid", "Droid\testx.Droid.fsproj", "{EDCEE7B5-761D-4879-98F0-55D7F3B1A4E9}"
EndProject
Global
	GlobalSection(SolutionConfigurationPlatforms) = preSolution
		Debug|Any CPU = Debug|Any CPU
		Release|Any CPU = Release|Any CPU
		Debug|iPhoneSimulator = Debug|iPhoneSimulator
		Release|iPhone = Release|iPhone
		Release|iPhoneSimulator = Release|iPhoneSimulator
		Debug|iPhone = Debug|iPhone
	EndGlobalSection
	GlobalSection(ProjectConfigurationPlatforms) = postSolution
		{549B53DF-59FB-40E9-A788-CC8E5E118F3B}.Debug|Any CPU.ActiveCfg = Debug|Any CPU
		{549B53DF-59FB-40E9-A788-CC8E5E118F3B}.Debug|Any CPU.Build.0 = Debug|Any CPU
		{549B53DF-59FB-40E9-A788-CC8E5E118F3B}.Release|Any CPU.ActiveCfg = Release|Any CPU
		{549B53DF-59FB-40E9-A788-CC8E5E118F3B}.Release|Any CPU.Build.0 = Release|Any CPU
		{549B53DF-59FB-40E9-A788-CC8E5E118F3B}.Debug|iPhoneSimulator.ActiveCfg = Debug|Any CPU
		{549B53DF-59FB-40E9-A788-CC8E5E118F3B}.Debug|iPhoneSimulator.Build.0 = Debug|Any CPU
		{549B53DF-59FB-40E9-A788-CC8E5E118F3B}.Release|iPhone.ActiveCfg = Release|Any CPU
		{549B53DF-59FB-40E9-A788-CC8E5E118F3B}.Release|iPhone.Build.0 = Release|Any CPU
		{549B53DF-59FB-40E9-A788-CC8E5E118F3B}.Release|iPhoneSimulator.ActiveCfg = Release|Any CPU
		{549B53DF-59FB-40E9-A788-CC8E5E118F3B}.Release|iPhoneSimulator.Build.0 = Release|Any CPU
		{549B53DF-59FB-40E9-A788-CC8E5E118F3B}.Debug|iPhone.ActiveCfg = Debug|Any CPU
		{549B53DF-59FB-40E9-A788-CC8E5E118F3B}.Debug|iPhone.Build.0 = Debug|Any CPU
		{43FBF515-9F69-4287-A298-B17F81A6C4FB}.Debug|Any CPU.ActiveCfg = Debug|iPhoneSimulator
		{43FBF515-9F69-4287-A298-B17F81A6C4FB}.Debug|Any CPU.Build.0 = Debug|iPhoneSimulator
		{43FBF515-9F69-4287-A298-B17F81A6C4FB}.Release|Any CPU.ActiveCfg = Release|iPhone
		{43FBF515-9F69-4287-A298-B17F81A6C4FB}.Release|Any CPU.Build.0 = Release|iPhone
		{43FBF515-9F69-4287-A298-B17F81A6C4FB}.Debug|iPhoneSimulator.ActiveCfg = Debug|iPhoneSimulator
		{43FBF515-9F69-4287-A298-B17F81A6C4FB}.Debug|iPhoneSimulator.Build.0 = Debug|iPhoneSimulator
		{43FBF515-9F69-4287-A298-B17F81A6C4FB}.Release|iPhone.ActiveCfg = Release|iPhone
		{43FBF515-9F69-4287-A298-B17F81A6C4FB}.Release|iPhone.Build.0 = Release|iPhone
		{43FBF515-9F69-4287-A298-B17F81A6C4FB}.Release|iPhoneSimulator.ActiveCfg = Release|iPhoneSimulator
		{43FBF515-9F69-4287-A298-B17F81A6C4FB}.Release|iPhoneSimulator.Build.0 = Release|iPhoneSimulator
		{43FBF515-9F69-4287-A298-B17F81A6C4FB}.Debug|iPhone.ActiveCfg = Debug|iPhone
		{43FBF515-9F69-4287-A298-B17F81A6C4FB}.Debug|iPhone.Build.0 = Debug|iPhone
		{EDCEE7B5-761D-4879-98F0-55D7F3B1A4E9}.Debug|Any CPU.ActiveCfg = Debug|Any CPU
		{EDCEE7B5-761D-4879-98F0-55D7F3B1A4E9}.Debug|Any CPU.Build.0 = Debug|Any CPU
		{EDCEE7B5-761D-4879-98F0-55D7F3B1A4E9}.Release|Any CPU.ActiveCfg = Release|Any CPU
		{EDCEE7B5-761D-4879-98F0-55D7F3B1A4E9}.Release|Any CPU.Build.0 = Release|Any CPU
		{EDCEE7B5-761D-4879-98F0-55D7F3B1A4E9}.Debug|iPhoneSimulator.ActiveCfg = Debug|Any CPU
		{EDCEE7B5-761D-4879-98F0-55D7F3B1A4E9}.Debug|iPhoneSimulator.Build.0 = Debug|Any CPU
		{EDCEE7B5-761D-4879-98F0-55D7F3B1A4E9}.Release|iPhone.ActiveCfg = Release|Any CPU
		{EDCEE7B5-761D-4879-98F0-55D7F3B1A4E9}.Release|iPhone.Build.0 = Release|Any CPU
		{EDCEE7B5-761D-4879-98F0-55D7F3B1A4E9}.Release|iPhoneSimulator.ActiveCfg = Release|Any CPU
		{EDCEE7B5-761D-4879-98F0-55D7F3B1A4E9}.Release|iPhoneSimulator.Build.0 = Release|Any CPU
		{EDCEE7B5-761D-4879-98F0-55D7F3B1A4E9}.Debug|iPhone.ActiveCfg = Debug|Any CPU
		{EDCEE7B5-761D-4879-98F0-55D7F3B1A4E9}.Debug|iPhone.Build.0 = Debug|Any CPU
	EndGlobalSection
EndGlobal
